
Microsoft Visual Studio Solution File, Format Version 12.00
# Visual Studio Version 16
VisualStudioVersion = 16.0.30002.166
MinimumVisualStudioVersion = 10.0.40219.1
Project("{FAE04EC0-301F-11D3-BF4B-00C04F79EFBC}") = "BusinessLayer", "BusinessLayer\BusinessLayer.csproj", "{F6259AFA-CCE2-457F-8711-1CDEBF0053B4}"
EndProject
Project("{FAE04EC0-301F-11D3-BF4B-00C04F79EFBC}") = "DataLayer", "DataLayer\DataLayer.csproj", "{33C82379-82A1-4814-8313-C5EC501AF5BC}"
EndProject
Project("{FAE04EC0-301F-11D3-BF4B-00C04F79EFBC}") = "UI.Layer", "UI.Layer\UI.Layer.csproj", "{00536F40-71D0-40B5-9A09-931626B0F9E2}"
EndProject
Global
	GlobalSection(SolutionConfigurationPlatforms) = preSolution
		Debug|Any CPU = Debug|Any CPU
		Release|Any CPU = Release|Any CPU
	EndGlobalSection
	GlobalSection(ProjectConfigurationPlatforms) = postSolution
		{F6259AFA-CCE2-457F-8711-1CDEBF0053B4}.Debug|Any CPU.ActiveCfg = Debug|Any CPU
		{F6259AFA-CCE2-457F-8711-1CDEBF0053B4}.Debug|Any CPU.Build.0 = Debug|Any CPU
		{F6259AFA-CCE2-457F-8711-1CDEBF0053B4}.Release|Any CPU.ActiveCfg = Release|Any CPU
		{F6259AFA-CCE2-457F-8711-1CDEBF0053B4}.Release|Any CPU.Build.0 = Release|Any CPU
		{33C82379-82A1-4814-8313-C5EC501AF5BC}.Debug|Any CPU.ActiveCfg = Debug|Any CPU
		{33C82379-82A1-4814-8313-C5EC501AF5BC}.Debug|Any CPU.Build.0 = Debug|Any CPU
		{33C82379-82A1-4814-8313-C5EC501AF5BC}.Release|Any CPU.ActiveCfg = Release|Any CPU
		{33C82379-82A1-4814-8313-C5EC501AF5BC}.Release|Any CPU.Build.0 = Release|Any CPU
		{00536F40-71D0-40B5-9A09-931626B0F9E2}.Debug|Any CPU.ActiveCfg = Debug|Any CPU
		{00536F40-71D0-40B5-9A09-931626B0F9E2}.Debug|Any CPU.Build.0 = Debug|Any CPU
		{00536F40-71D0-40B5-9A09-931626B0F9E2}.Release|Any CPU.ActiveCfg = Release|Any CPU
		{00536F40-71D0-40B5-9A09-931626B0F9E2}.Release|Any CPU.Build.0 = Release|Any CPU
	EndGlobalSection
	GlobalSection(SolutionProperties) = preSolution
		HideSolutionNode = FALSE
	EndGlobalSection
	GlobalSection(ExtensibilityGlobals) = postSolution
		SolutionGuid = {CA8B15B2-157E-4DA1-8AB8-9591D22B66F1}
	EndGlobalSection
EndGlobal
